
Microsoft Visual Studio Solution File, Format Version 12.00
# Visual Studio Version 16
VisualStudioVersion = 16.0.28729.10
MinimumVisualStudioVersion = 10.0.40219.1
Project("{9092AA53-FB77-4645-B42D-1CCCA6BD08BD}") = "TypeScript.Tasks", "TypeScript.Tasks\TypeScript.Tasks.njsproj", "{D551C7E3-87AB-4C0E-86A5-0881D1F1E600}"
EndProject
Global
	GlobalSection(SolutionConfigurationPlatforms) = preSolution
		Debug|Any CPU = Debug|Any CPU
		Release|Any CPU = Release|Any CPU
	EndGlobalSection
	GlobalSection(ProjectConfigurationPlatforms) = postSolution
		{D551C7E3-87AB-4C0E-86A5-0881D1F1E600}.Debug|Any CPU.ActiveCfg = Debug|Any CPU
		{D551C7E3-87AB-4C0E-86A5-0881D1F1E600}.Debug|Any CPU.Build.0 = Debug|Any CPU
		{D551C7E3-87AB-4C0E-86A5-0881D1F1E600}.Release|Any CPU.ActiveCfg = Release|Any CPU
		{D551C7E3-87AB-4C0E-86A5-0881D1F1E600}.Release|Any CPU.Build.0 = Release|Any CPU
	EndGlobalSection
	GlobalSection(SolutionProperties) = preSolution
		HideSolutionNode = FALSE
	EndGlobalSection
	GlobalSection(ExtensibilityGlobals) = postSolution
		SolutionGuid = {13334653-F5E3-4279-A350-F49686F230A3}
	EndGlobalSection
EndGlobal
